{
  "object": {
    "pins": [
      {
        "package": "CachingPlayerItem",
        "repositoryURL": "https://github.com/musicdav/CachingPlayerItem.git",
        "state": {
          "branch": "master",
          "revision": "c1d97614ba4d4d3ee02194be176a1abd0b85fe78",
          "version": null
        }
      }
    ]
  },
  "version": 1
}
